
Microsoft Visual Studio Solution File, Format Version 12.00
# Visual Studio 15
VisualStudioVersion = 15.0.28307.489
MinimumVisualStudioVersion = 10.0.40219.1
Project("{FAE04EC0-301F-11D3-BF4B-00C04F79EFBC}") = "Structure Tools Box", "Structure Tools Box\Structure Tools Box.csproj", "{B069483D-8323-4BB6-8C14-1C52D3533255}"
EndProject
Global
	GlobalSection(SolutionConfigurationPlatforms) = preSolution
		Debug|Any CPU = Debug|Any CPU
		Release|Any CPU = Release|Any CPU
	EndGlobalSection
	GlobalSection(ProjectConfigurationPlatforms) = postSolution
		{B069483D-8323-4BB6-8C14-1C52D3533255}.Debug|Any CPU.ActiveCfg = Debug|Any CPU
		{B069483D-8323-4BB6-8C14-1C52D3533255}.Debug|Any CPU.Build.0 = Debug|Any CPU
		{B069483D-8323-4BB6-8C14-1C52D3533255}.Release|Any CPU.ActiveCfg = Release|Any CPU
		{B069483D-8323-4BB6-8C14-1C52D3533255}.Release|Any CPU.Build.0 = Release|Any CPU
	EndGlobalSection
	GlobalSection(SolutionProperties) = preSolution
		HideSolutionNode = FALSE
	EndGlobalSection
	GlobalSection(ExtensibilityGlobals) = postSolution
		SolutionGuid = {8C458596-B6A6-4AF1-BA48-C7AEF87BD194}
	EndGlobalSection
EndGlobal
